
Microsoft Visual Studio Solution File, Format Version 12.00
# Visual Studio Version 17
VisualStudioVersion = 17.10.35004.147
MinimumVisualStudioVersion = 10.0.40219.1
Project("{888888A0-9F3D-457C-B088-3A5042F75D52}") = "Django test 1", "Django test 1.pyproj", "{964C2A7B-DD39-4467-AD38-36453545A100}"
EndProject
Global
	GlobalSection(SolutionConfigurationPlatforms) = preSolution
		Debug|Any CPU = Debug|Any CPU
		Release|Any CPU = Release|Any CPU
	EndGlobalSection
	GlobalSection(ProjectConfigurationPlatforms) = postSolution
		{964C2A7B-DD39-4467-AD38-36453545A100}.Debug|Any CPU.ActiveCfg = Debug|Any CPU
		{964C2A7B-DD39-4467-AD38-36453545A100}.Debug|Any CPU.Build.0 = Debug|Any CPU
		{964C2A7B-DD39-4467-AD38-36453545A100}.Release|Any CPU.ActiveCfg = Release|Any CPU
		{964C2A7B-DD39-4467-AD38-36453545A100}.Release|Any CPU.Build.0 = Release|Any CPU
	EndGlobalSection
	GlobalSection(SolutionProperties) = preSolution
		HideSolutionNode = FALSE
	EndGlobalSection
	GlobalSection(ExtensibilityGlobals) = postSolution
		SolutionGuid = {1510F274-F4E1-4BBB-96E0-6C1A85D2B0AB}
	EndGlobalSection
EndGlobal
